// !$*UTF8*$!
{
	archiveVersion = 1;
	classes = {
	};
	objectVersion = 56;
	objects = {

/* Begin PBXBuildFile section */
		39001CBF2AA82E9400060E8D /* API_CRUDApp.swift in Sources */ = {isa = PBXBuildFile; fileRef = 39001CBE2AA82E9400060E8D /* API_CRUDApp.swift */; };
		39001CC12AA82E9400060E8D /* ContentView.swift in Sources */ = {isa = PBXBuildFile; fileRef = 39001CC02AA82E9400060E8D /* ContentView.swift */; };
		39001CC32AA82E9500060E8D /* Assets.xcassets in Resources */ = {isa = PBXBuildFile; fileRef = 39001CC22AA82E9500060E8D /* Assets.xcassets */; };
		39001CC62AA82E9500060E8D /* Preview Assets.xcassets in Resources */ = {isa = PBXBuildFile; fileRef = 39001CC52AA82E9500060E8D /* Preview Assets.xcassets */; };
		39001CCE2AA842AD00060E8D /* CreateContentView.swift in Sources */ = {isa = PBXBuildFile; fileRef = 39001CCD2AA842AD00060E8D /* CreateContentView.swift */; };
		39001CD12AA86DA900060E8D /* TutorModel.swift in Sources */ = {isa = PBXBuildFile; fileRef = 39001CD02AA86DA900060E8D /* TutorModel.swift */; };
		39001CD42AA86E0300060E8D /* TutorViewModel.swift in Sources */ = {isa = PBXBuildFile; fileRef = 39001CD32AA86E0300060E8D /* TutorViewModel.swift */; };
		394040772AA9B56D00350BBB /* DetailView.swift in Sources */ = {isa = PBXBuildFile; fileRef = 394040762AA9B56D00350BBB /* DetailView.swift */; };
/* End PBXBuildFile section */

/* Begin PBXFileReference section */
		39001CBB2AA82E9400060E8D /* API-CRUD.app */ = {isa = PBXFileReference; explicitFileType = wrapper.application; includeInIndex = 0; path = "API-CRUD.app"; sourceTree = BUILT_PRODUCTS_DIR; };
		39001CBE2AA82E9400060E8D /* API_CRUDApp.swift */ = {isa = PBXFileReference; lastKnownFileType = sourcecode.swift; path = API_CRUDApp.swift; sourceTree = "<group>"; };
		39001CC02AA82E9400060E8D /* ContentView.swift */ = {isa = PBXFileReference; lastKnownFileType = sourcecode.swift; path = ContentView.swift; sourceTree = "<group>"; };
		39001CC22AA82E9500060E8D /* Assets.xcassets */ = {isa = PBXFileReference; lastKnownFileType = folder.assetcatalog; path = Assets.xcassets; sourceTree = "<group>"; };
		39001CC52AA82E9500060E8D /* Preview Assets.xcassets */ = {isa = PBXFileReference; lastKnownFileType = folder.assetcatalog; path = "Preview Assets.xcassets"; sourceTree = "<group>"; };
		39001CCD2AA842AD00060E8D /* CreateContentView.swift */ = {isa = PBXFileReference; lastKnownFileType = sourcecode.swift; path = CreateContentView.swift; sourceTree = "<group>"; };
		39001CD02AA86DA900060E8D /* TutorModel.swift */ = {isa = PBXFileReference; lastKnownFileType = sourcecode.swift; path = TutorModel.swift; sourceTree = "<group>"; };
		39001CD32AA86E0300060E8D /* TutorViewModel.swift */ = {isa = PBXFileReference; lastKnownFileType = sourcecode.swift; path = TutorViewModel.swift; sourceTree = "<group>"; };
		394040762AA9B56D00350BBB /* DetailView.swift */ = {isa = PBXFileReference; lastKnownFileType = sourcecode.swift; path = DetailView.swift; sourceTree = "<group>"; };
		396EBBDE2AA8EA69000DF93A /* Info.plist */ = {isa = PBXFileReference; lastKnownFileType = text.plist; path = Info.plist; sourceTree = "<group>"; };
/* End PBXFileReference section */

/* Begin PBXFrameworksBuildPhase section */
		39001CB82AA82E9400060E8D /* Frameworks */ = {
			isa = PBXFrameworksBuildPhase;
			buildActionMask = 2147483647;
			files = (
			);
			runOnlyForDeploymentPostprocessing = 0;
		};
/* End PBXFrameworksBuildPhase section */

/* Begin PBXGroup section */
		39001CB22AA82E9400060E8D = {
			isa = PBXGroup;
			children = (
				39001CBD2AA82E9400060E8D /* API-CRUD */,
				39001CBC2AA82E9400060E8D /* Products */,
			);
			sourceTree = "<group>";
		};
		39001CBC2AA82E9400060E8D /* Products */ = {
			isa = PBXGroup;
			children = (
				39001CBB2AA82E9400060E8D /* API-CRUD.app */,
			);
			name = Products;
			sourceTree = "<group>";
		};
		39001CBD2AA82E9400060E8D /* API-CRUD */ = {
			isa = PBXGroup;
			children = (
				396EBBDE2AA8EA69000DF93A /* Info.plist */,
				39001CD22AA86DF600060E8D /* ViewModel */,
				39001CCF2AA86D9700060E8D /* Model */,
				39001CCC2AA8429B00060E8D /* View */,
				39001CBE2AA82E9400060E8D /* API_CRUDApp.swift */,
				39001CC02AA82E9400060E8D /* ContentView.swift */,
				39001CC22AA82E9500060E8D /* Assets.xcassets */,
				39001CC42AA82E9500060E8D /* Preview Content */,
			);
			path = "API-CRUD";
			sourceTree = "<group>";
		};
		39001CC42AA82E9500060E8D /* Preview Content */ = {
			isa = PBXGroup;
			children = (
				39001CC52AA82E9500060E8D /* Preview Assets.xcassets */,
			);
			path = "Preview Content";
			sourceTree = "<group>";
		};
		39001CCC2AA8429B00060E8D /* View */ = {
			isa = PBXGroup;
			children = (
				39001CCD2AA842AD00060E8D /* CreateContentView.swift */,
				394040762AA9B56D00350BBB /* DetailView.swift */,
			);
			path = View;
			sourceTree = "<group>";
		};
		39001CCF2AA86D9700060E8D /* Model */ = {
			isa = PBXGroup;
			children = (
				39001CD02AA86DA900060E8D /* TutorModel.swift */,
			);
			path = Model;
			sourceTree = "<group>";
		};
		39001CD22AA86DF600060E8D /* ViewModel */ = {
			isa = PBXGroup;
			children = (
				39001CD32AA86E0300060E8D /* TutorViewModel.swift */,
			);
			path = ViewModel;
			sourceTree = "<group>";
		};
/* End PBXGroup section */

/* Begin PBXNativeTarget section */
		39001CBA2AA82E9400060E8D /* API-CRUD */ = {
			isa = PBXNativeTarget;
			buildConfigurationList = 39001CC92AA82E9500060E8D /* Build configuration list for PBXNativeTarget "API-CRUD" */;
			buildPhases = (
				39001CB72AA82E9400060E8D /* Sources */,
				39001CB82AA82E9400060E8D /* Frameworks */,
				39001CB92AA82E9400060E8D /* Resources */,
			);
			buildRules = (
			);
			dependencies = (
			);
			name = "API-CRUD";
			productName = "API-CRUD";
			productReference = 39001CBB2AA82E9400060E8D /* API-CRUD.app */;
			productType = "com.apple.product-type.application";
		};
/* End PBXNativeTarget section */

/* Begin PBXProject section */
		39001CB32AA82E9400060E8D /* Project object */ = {
			isa = PBXProject;
			attributes = {
				BuildIndependentTargetsInParallel = 1;
				LastSwiftUpdateCheck = 1430;
				LastUpgradeCheck = 1430;
				TargetAttributes = {
					39001CBA2AA82E9400060E8D = {
						CreatedOnToolsVersion = 14.3.1;
					};
				};
			};
			buildConfigurationList = 39001CB62AA82E9400060E8D /* Build configuration list for PBXProject "API-CRUD" */;
			compatibilityVersion = "Xcode 14.0";
			developmentRegion = en;
			hasScannedForEncodings = 0;
			knownRegions = (
				en,
				Base,
			);
			mainGroup = 39001CB22AA82E9400060E8D;
			productRefGroup = 39001CBC2AA82E9400060E8D /* Products */;
			projectDirPath = "";
			projectRoot = "";
			targets = (
				39001CBA2AA82E9400060E8D /* API-CRUD */,
			);
		};
/* End PBXProject section */

/* Begin PBXResourcesBuildPhase section */
		39001CB92AA82E9400060E8D /* Resources */ = {
			isa = PBXResourcesBuildPhase;
			buildActionMask = 2147483647;
			files = (
				39001CC62AA82E9500060E8D /* Preview Assets.xcassets in Resources */,
				39001CC32AA82E9500060E8D /* Assets.xcassets in Resources */,
			);
			runOnlyForDeploymentPostprocessing = 0;
		};
/* End PBXResourcesBuildPhase section */

/* Begin PBXSourcesBuildPhase section */
		39001CB72AA82E9400060E8D /* Sources */ = {
			isa = PBXSourcesBuildPhase;
			buildActionMask = 2147483647;
			files = (
				39001CCE2AA842AD00060E8D /* CreateContentView.swift in Sources */,
				394040772AA9B56D00350BBB /* DetailView.swift in Sources */,
				39001CC12AA82E9400060E8D /* ContentView.swift in Sources */,
				39001CD42AA86E0300060E8D /* TutorViewModel.swift in Sources */,
				39001CD12AA86DA900060E8D /* TutorModel.swift in Sources */,
				39001CBF2AA82E9400060E8D /* API_CRUDApp.swift in Sources */,
			);
			runOnlyForDeploymentPostprocessing = 0;
		};
/* End PBXSourcesBuildPhase section */

/* Begin XCBuildConfiguration section */
		39001CC72AA82E9500060E8D /* Debug */ = {
			isa = XCBuildConfiguration;
			buildSettings = {
				ALWAYS_SEARCH_USER_PATHS = NO;
				CLANG_ANALYZER_NONNULL = YES;
				CLANG_ANALYZER_NUMBER_OBJECT_CONVERSION = YES_AGGRESSIVE;
				CLANG_CXX_LANGUAGE_STANDARD = "gnu++20";
				CLANG_ENABLE_MODULES = YES;
				CLANG_ENABLE_OBJC_ARC = YES;
				CLANG_ENABLE_OBJC_WEAK = YES;
				CLANG_WARN_BLOCK_CAPTURE_AUTORELEASING = YES;
				CLANG_WARN_BOOL_CONVERSION = YES;
				CLANG_WARN_COMMA = YES;
				CLANG_WARN_CONSTANT_CONVERSION = YES;
				CLANG_WARN_DEPRECATED_OBJC_IMPLEMENTATIONS = YES;
				CLANG_WARN_DIRECT_OBJC_ISA_USAGE = YES_ERROR;
				CLANG_WARN_DOCUMENTATION_COMMENTS = YES;
				CLANG_WARN_EMPTY_BODY = YES;
				CLANG_WARN_ENUM_CONVERSION = YES;
				CLANG_WARN_INFINITE_RECURSION = YES;
				CLANG_WARN_INT_CONVERSION = YES;
				CLANG_WARN_NON_LITERAL_NULL_CONVERSION = YES;
				CLANG_WARN_OBJC_IMPLICIT_RETAIN_SELF = YES;
				CLANG_WARN_OBJC_LITERAL_CONVERSION = YES;
				CLANG_WARN_OBJC_ROOT_CLASS = YES_ERROR;
				CLANG_WARN_QUOTED_INCLUDE_IN_FRAMEWORK_HEADER = YES;
				CLANG_WARN_RANGE_LOOP_ANALYSIS = YES;
				CLANG_WARN_STRICT_PROTOTYPES = YES;
				CLANG_WARN_SUSPICIOUS_MOVE = YES;
				CLANG_WARN_UNGUARDED_AVAILABILITY = YES_AGGRESSIVE;
				CLANG_WARN_UNREACHABLE_CODE = YES;
				CLANG_WARN__DUPLICATE_METHOD_MATCH = YES;
				COPY_PHASE_STRIP = NO;
				DEBUG_INFORMATION_FORMAT = dwarf;
				ENABLE_STRICT_OBJC_MSGSEND = YES;
				ENABLE_TESTABILITY = YES;
				GCC_C_LANGUAGE_STANDARD = gnu11;
				GCC_DYNAMIC_NO_PIC = NO;
				GCC_NO_COMMON_BLOCKS = YES;
				GCC_OPTIMIZATION_LEVEL = 0;
				GCC_PREPROCESSOR_DEFINITIONS = (
					"DEBUG=1",
					"$(inherited)",
				);
				GCC_WARN_64_TO_32_BIT_CONVERSION = YES;
				GCC_WARN_ABOUT_RETURN_TYPE = YES_ERROR;
				GCC_WARN_UNDECLARED_SELECTOR = YES;
				GCC_WARN_UNINITIALIZED_AUTOS = YES_AGGRESSIVE;
				GCC_WARN_UNUSED_FUNCTION = YES;
				GCC_WARN_UNUSED_VARIABLE = YES;
				IPHONEOS_DEPLOYMENT_TARGET = 16.4;
				MTL_ENABLE_DEBUG_INFO = INCLUDE_SOURCE;
				MTL_FAST_MATH = YES;
				ONLY_ACTIVE_ARCH = YES;
				SDKROOT = iphoneos;
				SWIFT_ACTIVE_COMPILATION_CONDITIONS = DEBUG;
				SWIFT_OPTIMIZATION_LEVEL = "-Onone";
			};
			name = Debug;
		};
		39001CC82AA82E9500060E8D /* Release */ = {
			isa = XCBuildConfiguration;
			buildSettings = {
				ALWAYS_SEARCH_USER_PATHS = NO;
				CLANG_ANALYZER_NONNULL = YES;
				CLANG_ANALYZER_NUMBER_OBJECT_CONVERSION = YES_AGGRESSIVE;
				CLANG_CXX_LANGUAGE_STANDARD = "gnu++20";
				CLANG_ENABLE_MODULES = YES;
				CLANG_ENABLE_OBJC_ARC = YES;
				CLANG_ENABLE_OBJC_WEAK = YES;
				CLANG_WARN_BLOCK_CAPTURE_AUTORELEASING = YES;
				CLANG_WARN_BOOL_CONVERSION = YES;
				CLANG_WARN_COMMA = YES;
				CLANG_WARN_CONSTANT_CONVERSION = YES;
				CLANG_WARN_DEPRECATED_OBJC_IMPLEMENTATIONS = YES;
				CLANG_WARN_DIRECT_OBJC_ISA_USAGE = YES_ERROR;
				CLANG_WARN_DOCUMENTATION_COMMENTS = YES;
				CLANG_WARN_EMPTY_BODY = YES;
				CLANG_WARN_ENUM_CONVERSION = YES;
				CLANG_WARN_INFINITE_RECURSION = YES;
				CLANG_WARN_INT_CONVERSION = YES;
				CLANG_WARN_NON_LITERAL_NULL_CONVERSION = YES;
				CLANG_WARN_OBJC_IMPLICIT_RETAIN_SELF = YES;
				CLANG_WARN_OBJC_LITERAL_CONVERSION = YES;
				CLANG_WARN_OBJC_ROOT_CLASS = YES_ERROR;
				CLANG_WARN_QUOTED_INCLUDE_IN_FRAMEWORK_HEADER = YES;
				CLANG_WARN_RANGE_LOOP_ANALYSIS = YES;
				CLANG_WARN_STRICT_PROTOTYPES = YES;
				CLANG_WARN_SUSPICIOUS_MOVE = YES;
				CLANG_WARN_UNGUARDED_AVAILABILITY = YES_AGGRESSIVE;
				CLANG_WARN_UNREACHABLE_CODE = YES;
				CLANG_WARN__DUPLICATE_METHOD_MATCH = YES;
				COPY_PHASE_STRIP = NO;
				DEBUG_INFORMATION_FORMAT = "dwarf-with-dsym";
				ENABLE_NS_ASSERTIONS = NO;
				ENABLE_STRICT_OBJC_MSGSEND = YES;
				GCC_C_LANGUAGE_STANDARD = gnu11;
				GCC_NO_COMMON_BLOCKS = YES;
				GCC_WARN_64_TO_32_BIT_CONVERSION = YES;
				GCC_WARN_ABOUT_RETURN_TYPE = YES_ERROR;
				GCC_WARN_UNDECLARED_SELECTOR = YES;
				GCC_WARN_UNINITIALIZED_AUTOS = YES_AGGRESSIVE;
				GCC_WARN_UNUSED_FUNCTION = YES;
				GCC_WARN_UNUSED_VARIABLE = YES;
				IPHONEOS_DEPLOYMENT_TARGET = 16.4;
				MTL_ENABLE_DEBUG_INFO = NO;
				MTL_FAST_MATH = YES;
				SDKROOT = iphoneos;
				SWIFT_COMPILATION_MODE = wholemodule;
				SWIFT_OPTIMIZATION_LEVEL = "-O";
				VALIDATE_PRODUCT = YES;
			};
			name = Release;
		};
		39001CCA2AA82E9500060E8D /* Debug */ = {
			isa = XCBuildConfiguration;
			buildSettings = {
				ASSETCATALOG_COMPILER_APPICON_NAME = AppIcon;
				ASSETCATALOG_COMPILER_GLOBAL_ACCENT_COLOR_NAME = AccentColor;
				CODE_SIGN_STYLE = Automatic;
				CURRENT_PROJECT_VERSION = 1;
				DEVELOPMENT_ASSET_PATHS = "\"API-CRUD/Preview Content\"";
				DEVELOPMENT_TEAM = 27KRXYPLFN;
				ENABLE_PREVIEWS = YES;
				GENERATE_INFOPLIST_FILE = YES;
				INFOPLIST_FILE = "API-CRUD/Info.plist";
				INFOPLIST_KEY_UIApplicationSceneManifest_Generation = YES;
				INFOPLIST_KEY_UIApplicationSupportsIndirectInputEvents = YES;
				INFOPLIST_KEY_UILaunchScreen_Generation = YES;
				INFOPLIST_KEY_UISupportedInterfaceOrientations_iPad = "UIInterfaceOrientationPortrait UIInterfaceOrientationPortraitUpsideDown UIInterfaceOrientationLandscapeLeft UIInterfaceOrientationLandscapeRight";
				INFOPLIST_KEY_UISupportedInterfaceOrientations_iPhone = "UIInterfaceOrientationPortrait UIInterfaceOrientationLandscapeLeft UIInterfaceOrientationLandscapeRight";
				LD_RUNPATH_SEARCH_PATHS = (
					"$(inherited)",
					"@executable_path/Frameworks",
				);
				MARKETING_VERSION = 1.0;
				PRODUCT_BUNDLE_IDENTIFIER = "kelvingao.API-CRUD";
				PRODUCT_NAME = "$(TARGET_NAME)";
				SWIFT_EMIT_LOC_STRINGS = YES;
				SWIFT_VERSION = 5.0;
				TARGETED_DEVICE_FAMILY = "1,2";
			};
			name = Debug;
		};
		39001CCB2AA82E9500060E8D /* Release */ = {
			isa = XCBuildConfiguration;
			buildSettings = {
				ASSETCATALOG_COMPILER_APPICON_NAME = AppIcon;
				ASSETCATALOG_COMPILER_GLOBAL_ACCENT_COLOR_NAME = AccentColor;
				CODE_SIGN_STYLE = Automatic;
				CURRENT_PROJECT_VERSION = 1;
				DEVELOPMENT_ASSET_PATHS = "\"API-CRUD/Preview Content\"";
				DEVELOPMENT_TEAM = 27KRXYPLFN;
				ENABLE_PREVIEWS = YES;
				GENERATE_INFOPLIST_FILE = YES;
				INFOPLIST_FILE = "API-CRUD/Info.plist";
				INFOPLIST_KEY_UIApplicationSceneManifest_Generation = YES;
				INFOPLIST_KEY_UIApplicationSupportsIndirectInputEvents = YES;
				INFOPLIST_KEY_UILaunchScreen_Generation = YES;
				INFOPLIST_KEY_UISupportedInterfaceOrientations_iPad = "UIInterfaceOrientationPortrait UIInterfaceOrientationPortraitUpsideDown UIInterfaceOrientationLandscapeLeft UIInterfaceOrientationLandscapeRight";
				INFOPLIST_KEY_UISupportedInterfaceOrientations_iPhone = "UIInterfaceOrientationPortrait UIInterfaceOrientationLandscapeLeft UIInterfaceOrientationLandscapeRight";
				LD_RUNPATH_SEARCH_PATHS = (
					"$(inherited)",
					"@executable_path/Frameworks",
				);
				MARKETING_VERSION = 1.0;
				PRODUCT_BUNDLE_IDENTIFIER = "kelvingao.API-CRUD";
				PRODUCT_NAME = "$(TARGET_NAME)";
				SWIFT_EMIT_LOC_STRINGS = YES;
				SWIFT_VERSION = 5.0;
				TARGETED_DEVICE_FAMILY = "1,2";
			};
			name = Release;
		};
/* End XCBuildConfiguration section */

/* Begin XCConfigurationList section */
		39001CB62AA82E9400060E8D /* Build configuration list for PBXProject "API-CRUD" */ = {
			isa = XCConfigurationList;
			buildConfigurations = (
				39001CC72AA82E9500060E8D /* Debug */,
				39001CC82AA82E9500060E8D /* Release */,
			);
			defaultConfigurationIsVisible = 0;
			defaultConfigurationName = Release;
		};
		39001CC92AA82E9500060E8D /* Build configuration list for PBXNativeTarget "API-CRUD" */ = {
			isa = XCConfigurationList;
			buildConfigurations = (
				39001CCA2AA82E9500060E8D /* Debug */,
				39001CCB2AA82E9500060E8D /* Release */,
			);
			defaultConfigurationIsVisible = 0;
			defaultConfigurationName = Release;
		};
/* End XCConfigurationList section */
	};
	rootObject = 39001CB32AA82E9400060E8D /* Project object */;
}
